// !$*UTF8*$!
{
	archiveVersion = 1;
	classes = {
	};
	objectVersion = 46;
	objects = {

/* Begin PBXBuildFile section */
		C495869E1923EA9900BD6935 /* Foundation.framework in Frameworks */ = {isa = PBXBuildFile; fileRef = C495869D1923EA9900BD6935 /* Foundation.framework */; };
		C49586A01923EA9900BD6935 /* CoreGraphics.framework in Frameworks */ = {isa = PBXBuildFile; fileRef = C495869F1923EA9900BD6935 /* CoreGraphics.framework */; };
		C49586A21923EA9900BD6935 /* UIKit.framework in Frameworks */ = {isa = PBXBuildFile; fileRef = C49586A11923EA9900BD6935 /* UIKit.framework */; };
		C49586A81923EA9900BD6935 /* InfoPlist.strings in Resources */ = {isa = PBXBuildFile; fileRef = C49586A61923EA9900BD6935 /* InfoPlist.strings */; };
		C49586AA1923EA9900BD6935 /* main.m in Sources */ = {isa = PBXBuildFile; fileRef = C49586A91923EA9900BD6935 /* main.m */; };
		C49586AE1923EA9900BD6935 /* AppDelegate.m in Sources */ = {isa = PBXBuildFile; fileRef = C49586AD1923EA9900BD6935 /* AppDelegate.m */; };
		C49586B11923EA9900BD6935 /* Main.storyboard in Resources */ = {isa = PBXBuildFile; fileRef = C49586AF1923EA9900BD6935 /* Main.storyboard */; };
		C49586B41923EA9900BD6935 /* WebViewController.m in Sources */ = {isa = PBXBuildFile; fileRef = C49586B31923EA9900BD6935 /* WebViewController.m */; };
		C49586B61923EA9900BD6935 /* Images.xcassets in Resources */ = {isa = PBXBuildFile; fileRef = C49586B51923EA9900BD6935 /* Images.xcassets */; };
		C49586BD1923EA9900BD6935 /* XCTest.framework in Frameworks */ = {isa = PBXBuildFile; fileRef = C49586BC1923EA9900BD6935 /* XCTest.framework */; };
		C49586BE1923EA9900BD6935 /* Foundation.framework in Frameworks */ = {isa = PBXBuildFile; fileRef = C495869D1923EA9900BD6935 /* Foundation.framework */; };
		C49586BF1923EA9900BD6935 /* UIKit.framework in Frameworks */ = {isa = PBXBuildFile; fileRef = C49586A11923EA9900BD6935 /* UIKit.framework */; };
		C49586C71923EA9900BD6935 /* InfoPlist.strings in Resources */ = {isa = PBXBuildFile; fileRef = C49586C51923EA9900BD6935 /* InfoPlist.strings */; };
		C49586C91923EA9900BD6935 /* MySafariTests.m in Sources */ = {isa = PBXBuildFile; fileRef = C49586C81923EA9900BD6935 /* MySafariTests.m */; };
		C49586D31923EAB000BD6935 /* CheckMate.framework in Frameworks */ = {isa = PBXBuildFile; fileRef = C49586D21923EAB000BD6935 /* CheckMate.framework */; };
/* End PBXBuildFile section */

/* Begin PBXContainerItemProxy section */
		C49586C01923EA9900BD6935 /* PBXContainerItemProxy */ = {
			isa = PBXContainerItemProxy;
			containerPortal = C49586921923EA9800BD6935 /* Project object */;
			proxyType = 1;
			remoteGlobalIDString = C49586991923EA9800BD6935;
			remoteInfo = MySafari;
		};
/* End PBXContainerItemProxy section */

/* Begin PBXFileReference section */
		C495869A1923EA9900BD6935 /* MySafari.app */ = {isa = PBXFileReference; explicitFileType = wrapper.application; includeInIndex = 0; path = MySafari.app; sourceTree = BUILT_PRODUCTS_DIR; };
		C495869D1923EA9900BD6935 /* Foundation.framework */ = {isa = PBXFileReference; lastKnownFileType = wrapper.framework; name = Foundation.framework; path = System/Library/Frameworks/Foundation.framework; sourceTree = SDKROOT; };
		C495869F1923EA9900BD6935 /* CoreGraphics.framework */ = {isa = PBXFileReference; lastKnownFileType = wrapper.framework; name = CoreGraphics.framework; path = System/Library/Frameworks/CoreGraphics.framework; sourceTree = SDKROOT; };
		C49586A11923EA9900BD6935 /* UIKit.framework */ = {isa = PBXFileReference; lastKnownFileType = wrapper.framework; name = UIKit.framework; path = System/Library/Frameworks/UIKit.framework; sourceTree = SDKROOT; };
		C49586A51923EA9900BD6935 /* MySafari-Info.plist */ = {isa = PBXFileReference; lastKnownFileType = text.plist.xml; path = "MySafari-Info.plist"; sourceTree = "<group>"; };
		C49586A71923EA9900BD6935 /* en */ = {isa = PBXFileReference; lastKnownFileType = text.plist.strings; name = en; path = en.lproj/InfoPlist.strings; sourceTree = "<group>"; };
		C49586A91923EA9900BD6935 /* main.m */ = {isa = PBXFileReference; lastKnownFileType = sourcecode.c.objc; path = main.m; sourceTree = "<group>"; };
		C49586AB1923EA9900BD6935 /* MySafari-Prefix.pch */ = {isa = PBXFileReference; lastKnownFileType = sourcecode.c.h; path = "MySafari-Prefix.pch"; sourceTree = "<group>"; };
		C49586AC1923EA9900BD6935 /* AppDelegate.h */ = {isa = PBXFileReference; lastKnownFileType = sourcecode.c.h; path = AppDelegate.h; sourceTree = "<group>"; };
		C49586AD1923EA9900BD6935 /* AppDelegate.m */ = {isa = PBXFileReference; lastKnownFileType = sourcecode.c.objc; path = AppDelegate.m; sourceTree = "<group>"; };
		C49586B01923EA9900BD6935 /* Base */ = {isa = PBXFileReference; lastKnownFileType = file.storyboard; name = Base; path = Base.lproj/Main.storyboard; sourceTree = "<group>"; };
		C49586B21923EA9900BD6935 /* WebViewController.h */ = {isa = PBXFileReference; lastKnownFileType = sourcecode.c.h; path = WebViewController.h; sourceTree = "<group>"; };
		C49586B31923EA9900BD6935 /* WebViewController.m */ = {isa = PBXFileReference; lastKnownFileType = sourcecode.c.objc; path = WebViewController.m; sourceTree = "<group>"; };
		C49586B51923EA9900BD6935 /* Images.xcassets */ = {isa = PBXFileReference; lastKnownFileType = folder.assetcatalog; path = Images.xcassets; sourceTree = "<group>"; };
		C49586BB1923EA9900BD6935 /* MySafariTests.xctest */ = {isa = PBXFileReference; explicitFileType = wrapper.cfbundle; includeInIndex = 0; path = MySafariTests.xctest; sourceTree = BUILT_PRODUCTS_DIR; };
		C49586BC1923EA9900BD6935 /* XCTest.framework */ = {isa = PBXFileReference; lastKnownFileType = wrapper.framework; name = XCTest.framework; path = Library/Frameworks/XCTest.framework; sourceTree = DEVELOPER_DIR; };
		C49586C41923EA9900BD6935 /* MySafariTests-Info.plist */ = {isa = PBXFileReference; lastKnownFileType = text.plist.xml; path = "MySafariTests-Info.plist"; sourceTree = "<group>"; };
		C49586C61923EA9900BD6935 /* en */ = {isa = PBXFileReference; lastKnownFileType = text.plist.strings; name = en; path = en.lproj/InfoPlist.strings; sourceTree = "<group>"; };
		C49586C81923EA9900BD6935 /* MySafariTests.m */ = {isa = PBXFileReference; lastKnownFileType = sourcecode.c.objc; path = MySafariTests.m; sourceTree = "<group>"; };
		C49586D21923EAB000BD6935 /* CheckMate.framework */ = {isa = PBXFileReference; lastKnownFileType = wrapper.framework; name = CheckMate.framework; path = ../../../Desktop/CheckMate.framework; sourceTree = "<group>"; };
/* End PBXFileReference section */

/* Begin PBXFrameworksBuildPhase section */
		C49586971923EA9800BD6935 /* Frameworks */ = {
			isa = PBXFrameworksBuildPhase;
			buildActionMask = 2147483647;
			files = (
				C49586D31923EAB000BD6935 /* CheckMate.framework in Frameworks */,
				C49586A01923EA9900BD6935 /* CoreGraphics.framework in Frameworks */,
				C49586A21923EA9900BD6935 /* UIKit.framework in Frameworks */,
				C495869E1923EA9900BD6935 /* Foundation.framework in Frameworks */,
			);
			runOnlyForDeploymentPostprocessing = 0;
		};
		C49586B81923EA9900BD6935 /* Frameworks */ = {
			isa = PBXFrameworksBuildPhase;
			buildActionMask = 2147483647;
			files = (
				C49586BD1923EA9900BD6935 /* XCTest.framework in Frameworks */,
				C49586BF1923EA9900BD6935 /* UIKit.framework in Frameworks */,
				C49586BE1923EA9900BD6935 /* Foundation.framework in Frameworks */,
			);
			runOnlyForDeploymentPostprocessing = 0;
		};
/* End PBXFrameworksBuildPhase section */

/* Begin PBXGroup section */
		C49586911923EA9800BD6935 = {
			isa = PBXGroup;
			children = (
				C49586A31923EA9900BD6935 /* MySafari */,
				C49586C21923EA9900BD6935 /* MySafariTests */,
				C495869C1923EA9900BD6935 /* Frameworks */,
				C495869B1923EA9900BD6935 /* Products */,
			);
			sourceTree = "<group>";
		};
		C495869B1923EA9900BD6935 /* Products */ = {
			isa = PBXGroup;
			children = (
				C495869A1923EA9900BD6935 /* MySafari.app */,
				C49586BB1923EA9900BD6935 /* MySafariTests.xctest */,
			);
			name = Products;
			sourceTree = "<group>";
		};
		C495869C1923EA9900BD6935 /* Frameworks */ = {
			isa = PBXGroup;
			children = (
				C49586D21923EAB000BD6935 /* CheckMate.framework */,
				C495869D1923EA9900BD6935 /* Foundation.framework */,
				C495869F1923EA9900BD6935 /* CoreGraphics.framework */,
				C49586A11923EA9900BD6935 /* UIKit.framework */,
				C49586BC1923EA9900BD6935 /* XCTest.framework */,
			);
			name = Frameworks;
			sourceTree = "<group>";
		};
		C49586A31923EA9900BD6935 /* MySafari */ = {
			isa = PBXGroup;
			children = (
				C49586AC1923EA9900BD6935 /* AppDelegate.h */,
				C49586AD1923EA9900BD6935 /* AppDelegate.m */,
				C49586AF1923EA9900BD6935 /* Main.storyboard */,
				C49586B21923EA9900BD6935 /* WebViewController.h */,
				C49586B31923EA9900BD6935 /* WebViewController.m */,
				C49586B51923EA9900BD6935 /* Images.xcassets */,
				C49586A41923EA9900BD6935 /* Supporting Files */,
			);
			path = MySafari;
			sourceTree = "<group>";
		};
		C49586A41923EA9900BD6935 /* Supporting Files */ = {
			isa = PBXGroup;
			children = (
				C49586A51923EA9900BD6935 /* MySafari-Info.plist */,
				C49586A61923EA9900BD6935 /* InfoPlist.strings */,
				C49586A91923EA9900BD6935 /* main.m */,
				C49586AB1923EA9900BD6935 /* MySafari-Prefix.pch */,
			);
			name = "Supporting Files";
			sourceTree = "<group>";
		};
		C49586C21923EA9900BD6935 /* MySafariTests */ = {
			isa = PBXGroup;
			children = (
				C49586C81923EA9900BD6935 /* MySafariTests.m */,
				C49586C31923EA9900BD6935 /* Supporting Files */,
			);
			path = MySafariTests;
			sourceTree = "<group>";
		};
		C49586C31923EA9900BD6935 /* Supporting Files */ = {
			isa = PBXGroup;
			children = (
				C49586C41923EA9900BD6935 /* MySafariTests-Info.plist */,
				C49586C51923EA9900BD6935 /* InfoPlist.strings */,
			);
			name = "Supporting Files";
			sourceTree = "<group>";
		};
/* End PBXGroup section */

/* Begin PBXNativeTarget section */
		C49586991923EA9800BD6935 /* MySafari */ = {
			isa = PBXNativeTarget;
			buildConfigurationList = C49586CC1923EA9900BD6935 /* Build configuration list for PBXNativeTarget "MySafari" */;
			buildPhases = (
				C49586961923EA9800BD6935 /* Sources */,
				C49586971923EA9800BD6935 /* Frameworks */,
				C49586981923EA9800BD6935 /* Resources */,
			);
			buildRules = (
			);
			dependencies = (
			);
			name = MySafari;
			productName = MySafari;
			productReference = C495869A1923EA9900BD6935 /* MySafari.app */;
			productType = "com.apple.product-type.application";
		};
		C49586BA1923EA9900BD6935 /* MySafariTests */ = {
			isa = PBXNativeTarget;
			buildConfigurationList = C49586CF1923EA9900BD6935 /* Build configuration list for PBXNativeTarget "MySafariTests" */;
			buildPhases = (
				C49586B71923EA9900BD6935 /* Sources */,
				C49586B81923EA9900BD6935 /* Frameworks */,
				C49586B91923EA9900BD6935 /* Resources */,
			);
			buildRules = (
			);
			dependencies = (
				C49586C11923EA9900BD6935 /* PBXTargetDependency */,
			);
			name = MySafariTests;
			productName = MySafariTests;
			productReference = C49586BB1923EA9900BD6935 /* MySafariTests.xctest */;
			productType = "com.apple.product-type.bundle.unit-test";
		};
/* End PBXNativeTarget section */

/* Begin PBXProject section */
		C49586921923EA9800BD6935 /* Project object */ = {
			isa = PBXProject;
			attributes = {
				LastUpgradeCheck = 0510;
				ORGANIZATIONNAME = BGHS;
				TargetAttributes = {
					C49586BA1923EA9900BD6935 = {
						TestTargetID = C49586991923EA9800BD6935;
					};
				};
			};
			buildConfigurationList = C49586951923EA9800BD6935 /* Build configuration list for PBXProject "MySafari" */;
			compatibilityVersion = "Xcode 3.2";
			developmentRegion = English;
			hasScannedForEncodings = 0;
			knownRegions = (
				en,
				Base,
			);
			mainGroup = C49586911923EA9800BD6935;
			productRefGroup = C495869B1923EA9900BD6935 /* Products */;
			projectDirPath = "";
			projectRoot = "";
			targets = (
				C49586991923EA9800BD6935 /* MySafari */,
				C49586BA1923EA9900BD6935 /* MySafariTests */,
			);
		};
/* End PBXProject section */

/* Begin PBXResourcesBuildPhase section */
		C49586981923EA9800BD6935 /* Resources */ = {
			isa = PBXResourcesBuildPhase;
			buildActionMask = 2147483647;
			files = (
				C49586B61923EA9900BD6935 /* Images.xcassets in Resources */,
				C49586A81923EA9900BD6935 /* InfoPlist.strings in Resources */,
				C49586B11923EA9900BD6935 /* Main.storyboard in Resources */,
			);
			runOnlyForDeploymentPostprocessing = 0;
		};
		C49586B91923EA9900BD6935 /* Resources */ = {
			isa = PBXResourcesBuildPhase;
			buildActionMask = 2147483647;
			files = (
				C49586C71923EA9900BD6935 /* InfoPlist.strings in Resources */,
			);
			runOnlyForDeploymentPostprocessing = 0;
		};
/* End PBXResourcesBuildPhase section */

/* Begin PBXSourcesBuildPhase section */
		C49586961923EA9800BD6935 /* Sources */ = {
			isa = PBXSourcesBuildPhase;
			buildActionMask = 2147483647;
			files = (
				C49586B41923EA9900BD6935 /* WebViewController.m in Sources */,
				C49586AE1923EA9900BD6935 /* AppDelegate.m in Sources */,
				C49586AA1923EA9900BD6935 /* main.m in Sources */,
			);
			runOnlyForDeploymentPostprocessing = 0;
		};
		C49586B71923EA9900BD6935 /* Sources */ = {
			isa = PBXSourcesBuildPhase;
			buildActionMask = 2147483647;
			files = (
				C49586C91923EA9900BD6935 /* MySafariTests.m in Sources */,
			);
			runOnlyForDeploymentPostprocessing = 0;
		};
/* End PBXSourcesBuildPhase section */

/* Begin PBXTargetDependency section */
		C49586C11923EA9900BD6935 /* PBXTargetDependency */ = {
			isa = PBXTargetDependency;
			target = C49586991923EA9800BD6935 /* MySafari */;
			targetProxy = C49586C01923EA9900BD6935 /* PBXContainerItemProxy */;
		};
/* End PBXTargetDependency section */

/* Begin PBXVariantGroup section */
		C49586A61923EA9900BD6935 /* InfoPlist.strings */ = {
			isa = PBXVariantGroup;
			children = (
				C49586A71923EA9900BD6935 /* en */,
			);
			name = InfoPlist.strings;
			sourceTree = "<group>";
		};
		C49586AF1923EA9900BD6935 /* Main.storyboard */ = {
			isa = PBXVariantGroup;
			children = (
				C49586B01923EA9900BD6935 /* Base */,
			);
			name = Main.storyboard;
			sourceTree = "<group>";
		};
		C49586C51923EA9900BD6935 /* InfoPlist.strings */ = {
			isa = PBXVariantGroup;
			children = (
				C49586C61923EA9900BD6935 /* en */,
			);
			name = InfoPlist.strings;
			sourceTree = "<group>";
		};
/* End PBXVariantGroup section */

/* Begin XCBuildConfiguration section */
		C49586CA1923EA9900BD6935 /* Debug */ = {
			isa = XCBuildConfiguration;
			buildSettings = {
				ALWAYS_SEARCH_USER_PATHS = NO;
				CLANG_CXX_LANGUAGE_STANDARD = "gnu++0x";
				CLANG_CXX_LIBRARY = "libc++";
				CLANG_ENABLE_MODULES = YES;
				CLANG_ENABLE_OBJC_ARC = YES;
				CLANG_WARN_BOOL_CONVERSION = YES;
				CLANG_WARN_CONSTANT_CONVERSION = YES;
				CLANG_WARN_DIRECT_OBJC_ISA_USAGE = YES_ERROR;
				CLANG_WARN_EMPTY_BODY = YES;
				CLANG_WARN_ENUM_CONVERSION = YES;
				CLANG_WARN_INT_CONVERSION = YES;
				CLANG_WARN_OBJC_ROOT_CLASS = YES_ERROR;
				CLANG_WARN__DUPLICATE_METHOD_MATCH = YES;
				"CODE_SIGN_IDENTITY[sdk=iphoneos*]" = "iPhone Developer";
				COPY_PHASE_STRIP = NO;
				GCC_C_LANGUAGE_STANDARD = gnu99;
				GCC_DYNAMIC_NO_PIC = NO;
				GCC_OPTIMIZATION_LEVEL = 0;
				GCC_PREPROCESSOR_DEFINITIONS = (
					"DEBUG=1",
					"$(inherited)",
				);
				GCC_SYMBOLS_PRIVATE_EXTERN = NO;
				GCC_WARN_64_TO_32_BIT_CONVERSION = YES;
				GCC_WARN_ABOUT_RETURN_TYPE = YES_ERROR;
				GCC_WARN_UNDECLARED_SELECTOR = YES;
				GCC_WARN_UNINITIALIZED_AUTOS = YES_AGGRESSIVE;
				GCC_WARN_UNUSED_FUNCTION = YES;
				GCC_WARN_UNUSED_VARIABLE = YES;
				IPHONEOS_DEPLOYMENT_TARGET = 7.1;
				ONLY_ACTIVE_ARCH = YES;
				SDKROOT = iphoneos;
			};
			name = Debug;
		};
		C49586CB1923EA9900BD6935 /* Release */ = {
			isa = XCBuildConfiguration;
			buildSettings = {
				ALWAYS_SEARCH_USER_PATHS = NO;
				CLANG_CXX_LANGUAGE_STANDARD = "gnu++0x";
				CLANG_CXX_LIBRARY = "libc++";
				CLANG_ENABLE_MODULES = YES;
				CLANG_ENABLE_OBJC_ARC = YES;
				CLANG_WARN_BOOL_CONVERSION = YES;
				CLANG_WARN_CONSTANT_CONVERSION = YES;
				CLANG_WARN_DIRECT_OBJC_ISA_USAGE = YES_ERROR;
				CLANG_WARN_EMPTY_BODY = YES;
				CLANG_WARN_ENUM_CONVERSION = YES;
				CLANG_WARN_INT_CONVERSION = YES;
				CLANG_WARN_OBJC_ROOT_CLASS = YES_ERROR;
				CLANG_WARN__DUPLICATE_METHOD_MATCH = YES;
				"CODE_SIGN_IDENTITY[sdk=iphoneos*]" = "iPhone Developer";
				COPY_PHASE_STRIP = YES;
				ENABLE_NS_ASSERTIONS = NO;
				GCC_C_LANGUAGE_STANDARD = gnu99;
				GCC_WARN_64_TO_32_BIT_CONVERSION = YES;
				GCC_WARN_ABOUT_RETURN_TYPE = YES_ERROR;
				GCC_WARN_UNDECLARED_SELECTOR = YES;
				GCC_WARN_UNINITIALIZED_AUTOS = YES_AGGRESSIVE;
				GCC_WARN_UNUSED_FUNCTION = YES;
				GCC_WARN_UNUSED_VARIABLE = YES;
				IPHONEOS_DEPLOYMENT_TARGET = 7.1;
				SDKROOT = iphoneos;
				VALIDATE_PRODUCT = YES;
			};
			name = Release;
		};
		C49586CD1923EA9900BD6935 /* Debug */ = {
			isa = XCBuildConfiguration;
			buildSettings = {
				ASSETCATALOG_COMPILER_APPICON_NAME = AppIcon;
				ASSETCATALOG_COMPILER_LAUNCHIMAGE_NAME = LaunchImage;
				FRAMEWORK_SEARCH_PATHS = (
					"$(inherited)",
					/Users/tom.mroz/Desktop,
				);
				GCC_PRECOMPILE_PREFIX_HEADER = YES;
				GCC_PREFIX_HEADER = "MySafari/MySafari-Prefix.pch";
				INFOPLIST_FILE = "MySafari/MySafari-Info.plist";
				PRODUCT_NAME = "$(TARGET_NAME)";
				WRAPPER_EXTENSION = app;
			};
			name = Debug;
		};
		C49586CE1923EA9900BD6935 /* Release */ = {
			isa = XCBuildConfiguration;
			buildSettings = {
				ASSETCATALOG_COMPILER_APPICON_NAME = AppIcon;
				ASSETCATALOG_COMPILER_LAUNCHIMAGE_NAME = LaunchImage;
				FRAMEWORK_SEARCH_PATHS = (
					"$(inherited)",
					/Users/tom.mroz/Desktop,
				);
				GCC_PRECOMPILE_PREFIX_HEADER = YES;
				GCC_PREFIX_HEADER = "MySafari/MySafari-Prefix.pch";
				INFOPLIST_FILE = "MySafari/MySafari-Info.plist";
				PRODUCT_NAME = "$(TARGET_NAME)";
				WRAPPER_EXTENSION = app;
			};
			name = Release;
		};
		C49586D01923EA9900BD6935 /* Debug */ = {
			isa = XCBuildConfiguration;
			buildSettings = {
				BUNDLE_LOADER = "$(BUILT_PRODUCTS_DIR)/MySafari.app/MySafari";
				FRAMEWORK_SEARCH_PATHS = (
					"$(SDKROOT)/Developer/Library/Frameworks",
					"$(inherited)",
					"$(DEVELOPER_FRAMEWORKS_DIR)",
				);
				GCC_PRECOMPILE_PREFIX_HEADER = YES;
				GCC_PREFIX_HEADER = "MySafari/MySafari-Prefix.pch";
				GCC_PREPROCESSOR_DEFINITIONS = (
					"DEBUG=1",
					"$(inherited)",
				);
				INFOPLIST_FILE = "MySafariTests/MySafariTests-Info.plist";
				PRODUCT_NAME = "$(TARGET_NAME)";
				TEST_HOST = "$(BUNDLE_LOADER)";
				WRAPPER_EXTENSION = xctest;
			};
			name = Debug;
		};
		C49586D11923EA9900BD6935 /* Release */ = {
			isa = XCBuildConfiguration;
			buildSettings = {
				BUNDLE_LOADER = "$(BUILT_PRODUCTS_DIR)/MySafari.app/MySafari";
				FRAMEWORK_SEARCH_PATHS = (
					"$(SDKROOT)/Developer/Library/Frameworks",
					"$(inherited)",
					"$(DEVELOPER_FRAMEWORKS_DIR)",
				);
				GCC_PRECOMPILE_PREFIX_HEADER = YES;
				GCC_PREFIX_HEADER = "MySafari/MySafari-Prefix.pch";
				INFOPLIST_FILE = "MySafariTests/MySafariTests-Info.plist";
				PRODUCT_NAME = "$(TARGET_NAME)";
				TEST_HOST = "$(BUNDLE_LOADER)";
				WRAPPER_EXTENSION = xctest;
			};
			name = Release;
		};
/* End XCBuildConfiguration section */

/* Begin XCConfigurationList section */
		C49586951923EA9800BD6935 /* Build configuration list for PBXProject "MySafari" */ = {
			isa = XCConfigurationList;
			buildConfigurations = (
				C49586CA1923EA9900BD6935 /* Debug */,
				C49586CB1923EA9900BD6935 /* Release */,
			);
			defaultConfigurationIsVisible = 0;
			defaultConfigurationName = Release;
		};
		C49586CC1923EA9900BD6935 /* Build configuration list for PBXNativeTarget "MySafari" */ = {
			isa = XCConfigurationList;
			buildConfigurations = (
				C49586CD1923EA9900BD6935 /* Debug */,
				C49586CE1923EA9900BD6935 /* Release */,
			);
			defaultConfigurationIsVisible = 0;
		};
		C49586CF1923EA9900BD6935 /* Build configuration list for PBXNativeTarget "MySafariTests" */ = {
			isa = XCConfigurationList;
			buildConfigurations = (
				C49586D01923EA9900BD6935 /* Debug */,
				C49586D11923EA9900BD6935 /* Release */,
			);
			defaultConfigurationIsVisible = 0;
		};
/* End XCConfigurationList section */
	};
	rootObject = C49586921923EA9800BD6935 /* Project object */;
}
